// !$*UTF8*$!
{
	archiveVersion = 1;
	classes = {
	};
	objectVersion = 50;
	objects = {

/* Begin PBXBuildFile section */
		7628D239C36F7C34B4EF14B0 /* Pods_O_trialPro_Swift.framework in Frameworks */ = {isa = PBXBuildFile; fileRef = 541F5C89567CB90B6EFAAA48 /* Pods_O_trialPro_Swift.framework */; };
		C027576520B29C0E00A2B298 /* OTProjectListCell.swift in Sources */ = {isa = PBXBuildFile; fileRef = C027576420B29C0E00A2B298 /* OTProjectListCell.swift */; };
		C027576720B2A20200A2B298 /* UITableViewCell+CellHeight.swift in Sources */ = {isa = PBXBuildFile; fileRef = C027576620B2A20200A2B298 /* UITableViewCell+CellHeight.swift */; };
		C027577320B405D500A2B298 /* OTLoginModel.swift in Sources */ = {isa = PBXBuildFile; fileRef = C027577220B405D500A2B298 /* OTLoginModel.swift */; };
		C027577520B40A0F00A2B298 /* OTProjectModel.swift in Sources */ = {isa = PBXBuildFile; fileRef = C027577420B40A0F00A2B298 /* OTProjectModel.swift */; };
		C027577720B40BB900A2B298 /* OTBaseModel.swift in Sources */ = {isa = PBXBuildFile; fileRef = C027577620B40BB900A2B298 /* OTBaseModel.swift */; };
		C027577920B50E3100A2B298 /* UIButton+Extension.swift in Sources */ = {isa = PBXBuildFile; fileRef = C027577820B50E3100A2B298 /* UIButton+Extension.swift */; };
		C027577B20B53CD200A2B298 /* OTSiteModel.swift in Sources */ = {isa = PBXBuildFile; fileRef = C027577A20B53CD200A2B298 /* OTSiteModel.swift */; };
		C027577D20B560AF00A2B298 /* BaseNavigationController.swift in Sources */ = {isa = PBXBuildFile; fileRef = C027577C20B560AF00A2B298 /* BaseNavigationController.swift */; };
		C027578120B562A800A2B298 /* BaseTableView.swift in Sources */ = {isa = PBXBuildFile; fileRef = C027578020B562A800A2B298 /* BaseTableView.swift */; };
		C027578620B56B8B00A2B298 /* BaseTabbarController.swift in Sources */ = {isa = PBXBuildFile; fileRef = C027578520B56B8B00A2B298 /* BaseTabbarController.swift */; };
		C027578820B56D6300A2B298 /* HomeVC.swift in Sources */ = {isa = PBXBuildFile; fileRef = C027578720B56D6300A2B298 /* HomeVC.swift */; };
		C027578E20B56DB600A2B298 /* MineVC.swift in Sources */ = {isa = PBXBuildFile; fileRef = C027578D20B56DB600A2B298 /* MineVC.swift */; };
		C02D604020EDC1C800BB6E2C /* ChartHeaderView.swift in Sources */ = {isa = PBXBuildFile; fileRef = C02D603F20EDC1C800BB6E2C /* ChartHeaderView.swift */; };
		C02D604420EDC75700BB6E2C /* OTSubNumModel.swift in Sources */ = {isa = PBXBuildFile; fileRef = C02D604320EDC75700BB6E2C /* OTSubNumModel.swift */; };
		C02D604620EE163E00BB6E2C /* BaseCollectionView.swift in Sources */ = {isa = PBXBuildFile; fileRef = C02D604520EE163E00BB6E2C /* BaseCollectionView.swift */; };
		C02D604820EF094F00BB6E2C /* OTStatisticCell.swift in Sources */ = {isa = PBXBuildFile; fileRef = C02D604720EF094F00BB6E2C /* OTStatisticCell.swift */; };
		C02D604A20EF105400BB6E2C /* OTStsHeaderView.swift in Sources */ = {isa = PBXBuildFile; fileRef = C02D604920EF105400BB6E2C /* OTStsHeaderView.swift */; };
		C02D604C20EF185900BB6E2C /* StatisticsData.plist in Resources */ = {isa = PBXBuildFile; fileRef = C02D604B20EF185900BB6E2C /* StatisticsData.plist */; };
		C02D604E20EF18A500BB6E2C /* OTStsModel.swift in Sources */ = {isa = PBXBuildFile; fileRef = C02D604D20EF18A500BB6E2C /* OTStsModel.swift */; };
		C02D605020EF4F3E00BB6E2C /* OTSiteView.swift in Sources */ = {isa = PBXBuildFile; fileRef = C02D604F20EF4F3E00BB6E2C /* OTSiteView.swift */; };
		C02D605220EF556300BB6E2C /* OTSiteCell.swift in Sources */ = {isa = PBXBuildFile; fileRef = C02D605120EF556300BB6E2C /* OTSiteCell.swift */; };
		C02E6C8520A14B72001D4963 /* UIColor+HexColor.swift in Sources */ = {isa = PBXBuildFile; fileRef = C02E6C8420A14B72001D4963 /* UIColor+HexColor.swift */; };
		C02E6C8720A174BD001D4963 /* UITextField+Extension.swift in Sources */ = {isa = PBXBuildFile; fileRef = C02E6C8620A174BD001D4963 /* UITextField+Extension.swift */; };
		C02E6C9B20A2C637001D4963 /* UIView+WhenTappedBlocks.m in Sources */ = {isa = PBXBuildFile; fileRef = C02E6C9920A2C637001D4963 /* UIView+WhenTappedBlocks.m */; };
		C02E6CA120A2D730001D4963 /* OTConstans.swift in Sources */ = {isa = PBXBuildFile; fileRef = C02E6CA020A2D730001D4963 /* OTConstans.swift */; };
		C02E6CA320A2D741001D4963 /* OTUtils.swift in Sources */ = {isa = PBXBuildFile; fileRef = C02E6CA220A2D741001D4963 /* OTUtils.swift */; };
		C02E6CA520A2DCA6001D4963 /* UIView+OTExtension.swift in Sources */ = {isa = PBXBuildFile; fileRef = C02E6CA420A2DCA6001D4963 /* UIView+OTExtension.swift */; };
		C02E6CAC20A3DC8B001D4963 /* UIView+WhenTapBlcok.swift in Sources */ = {isa = PBXBuildFile; fileRef = C02E6CAB20A3DC8B001D4963 /* UIView+WhenTapBlcok.swift */; };
		C02E6CB220A4219B001D4963 /* load.gif in Resources */ = {isa = PBXBuildFile; fileRef = C02E6CB120A4219B001D4963 /* load.gif */; };
		C0314D4020AC2FA200317F0C /* OTWKWebController.swift in Sources */ = {isa = PBXBuildFile; fileRef = C0314D3F20AC2FA200317F0C /* OTWKWebController.swift */; };
		C0337AF420BE7FA600FCB373 /* OTUserInfoModel.swift in Sources */ = {isa = PBXBuildFile; fileRef = C0337AF320BE7FA600FCB373 /* OTUserInfoModel.swift */; };
		C0337AFC20BE8F5100FCB373 /* En_LanguageList.plist in Resources */ = {isa = PBXBuildFile; fileRef = C0337AFB20BE8F5100FCB373 /* En_LanguageList.plist */; };
		C03E8A7B20B6C75300850D1F /* BaseTableViewCell.swift in Sources */ = {isa = PBXBuildFile; fileRef = C03E8A7A20B6C75300850D1F /* BaseTableViewCell.swift */; };
		C03E8A7D20B7A38000850D1F /* WaterWaveView.swift in Sources */ = {isa = PBXBuildFile; fileRef = C03E8A7C20B7A38000850D1F /* WaterWaveView.swift */; };
		C03E8A7F20B7F63100850D1F /* OTMineHeaderView.swift in Sources */ = {isa = PBXBuildFile; fileRef = C03E8A7E20B7F63100850D1F /* OTMineHeaderView.swift */; };
		C06150B820ECBA5C008DF8DF /* BarChart.swift in Sources */ = {isa = PBXBuildFile; fileRef = C06150B720ECBA5C008DF8DF /* BarChart.swift */; };
		C06150BE20EDA791008DF8DF /* ChartNormalCell.swift in Sources */ = {isa = PBXBuildFile; fileRef = C06150BD20EDA791008DF8DF /* ChartNormalCell.swift */; };
		C0A9545A20AE87B1003497F5 /* UIView+Category.swift in Sources */ = {isa = PBXBuildFile; fileRef = C0A9545920AE87B1003497F5 /* UIView+Category.swift */; };
		C0A9545C20AEAD79003497F5 /* UIImage+Extension.swift in Sources */ = {isa = PBXBuildFile; fileRef = C0A9545B20AEAD79003497F5 /* UIImage+Extension.swift */; };
		C0A9546020AED1F2003497F5 /* MyProjectVC.swift in Sources */ = {isa = PBXBuildFile; fileRef = C0A9545F20AED1F2003497F5 /* MyProjectVC.swift */; };
		C0CC724220B68ED200EB51D8 /* MessageVC.swift in Sources */ = {isa = PBXBuildFile; fileRef = C0CC724120B68ED200EB51D8 /* MessageVC.swift */; };
		C0CC724420B68EE300EB51D8 /* SubjectVC.swift in Sources */ = {isa = PBXBuildFile; fileRef = C0CC724320B68EE300EB51D8 /* SubjectVC.swift */; };
		C0CC724620B68EF200EB51D8 /* StatisticsVC.swift in Sources */ = {isa = PBXBuildFile; fileRef = C0CC724520B68EF200EB51D8 /* StatisticsVC.swift */; };
		C0CC724A20B69E4800EB51D8 /* OTMineCell.swift in Sources */ = {isa = PBXBuildFile; fileRef = C0CC724920B69E4800EB51D8 /* OTMineCell.swift */; };
		C0CC724C20B6A17700EB51D8 /* OTMineModel.swift in Sources */ = {isa = PBXBuildFile; fileRef = C0CC724B20B6A17700EB51D8 /* OTMineModel.swift */; };
		C0CC724E20B6A2B200EB51D8 /* mine.plist in Resources */ = {isa = PBXBuildFile; fileRef = C0CC724D20B6A2B200EB51D8 /* mine.plist */; };
		C0DFFD3320D8FB9D00171948 /* MyProtocolVC.swift in Sources */ = {isa = PBXBuildFile; fileRef = C0DFFD3220D8FB9D00171948 /* MyProtocolVC.swift */; };
		C0DFFD3520D8FC6800171948 /* SettingVC.swift in Sources */ = {isa = PBXBuildFile; fileRef = C0DFFD3420D8FC6800171948 /* SettingVC.swift */; };
		C0DFFD3720D9E76700171948 /* OffLinePictureVC.swift in Sources */ = {isa = PBXBuildFile; fileRef = C0DFFD3620D9E76700171948 /* OffLinePictureVC.swift */; };
		C0DFFD3920D9EC6D00171948 /* MyProtocolCell.swift in Sources */ = {isa = PBXBuildFile; fileRef = C0DFFD3820D9EC6D00171948 /* MyProtocolCell.swift */; };
		C0DFFD3B20DA212700171948 /* AboutOrialVC.swift in Sources */ = {isa = PBXBuildFile; fileRef = C0DFFD3A20DA212600171948 /* AboutOrialVC.swift */; };
		C0DFFD3D20DA221D00171948 /* AboutOtrialCell.swift in Sources */ = {isa = PBXBuildFile; fileRef = C0DFFD3C20DA221D00171948 /* AboutOtrialCell.swift */; };
		C0DFFD4620DB781400171948 /* ModifyPwdVC.swift in Sources */ = {isa = PBXBuildFile; fileRef = C0DFFD4520DB781400171948 /* ModifyPwdVC.swift */; };
		C0E3AC1420A55C5E00188D3C /* SHAEncoder.m in Sources */ = {isa = PBXBuildFile; fileRef = C0E3AC1320A55C5E00188D3C /* SHAEncoder.m */; };
		C0E3AC1720A562DD00188D3C /* HttpManager.swift in Sources */ = {isa = PBXBuildFile; fileRef = C0E3AC1620A562DD00188D3C /* HttpManager.swift */; };
		C0E3AC1B20A5747800188D3C /* OTLoginCenter.swift in Sources */ = {isa = PBXBuildFile; fileRef = C0E3AC1A20A5747800188D3C /* OTLoginCenter.swift */; };
		C0E3AC1D20A955E600188D3C /* OTLoginTextField.swift in Sources */ = {isa = PBXBuildFile; fileRef = C0E3AC1C20A955E600188D3C /* OTLoginTextField.swift */; };
		C0E3AC1F20A9685F00188D3C /* NSString+Extensioin.swift in Sources */ = {isa = PBXBuildFile; fileRef = C0E3AC1E20A9685F00188D3C /* NSString+Extensioin.swift */; };
		C0E3AC2320A9714000188D3C /* String+Extension.swift in Sources */ = {isa = PBXBuildFile; fileRef = C0E3AC2220A9714000188D3C /* String+Extension.swift */; };
		C0E3AC2920AA6AAF00188D3C /* BaseViewController.swift in Sources */ = {isa = PBXBuildFile; fileRef = C0E3AC2820AA6AAF00188D3C /* BaseViewController.swift */; };
		C0E3AC2B20AA73C500188D3C /* OTResponseResult.swift in Sources */ = {isa = PBXBuildFile; fileRef = C0E3AC2A20AA73C500188D3C /* OTResponseResult.swift */; };
		C0E9558A20A019740091908D /* AppDelegate.swift in Sources */ = {isa = PBXBuildFile; fileRef = C0E9558920A019740091908D /* AppDelegate.swift */; };
		C0E9558F20A019740091908D /* Main.storyboard in Resources */ = {isa = PBXBuildFile; fileRef = C0E9558D20A019740091908D /* Main.storyboard */; };
		C0E9559120A019760091908D /* Assets.xcassets in Resources */ = {isa = PBXBuildFile; fileRef = C0E9559020A019760091908D /* Assets.xcassets */; };
		C0E9559420A019760091908D /* LaunchScreen.storyboard in Resources */ = {isa = PBXBuildFile; fileRef = C0E9559220A019760091908D /* LaunchScreen.storyboard */; };
		C0E9559F20A01DEC0091908D /* LoginVC.swift in Sources */ = {isa = PBXBuildFile; fileRef = C0E9559E20A01DEC0091908D /* LoginVC.swift */; };
		C0E955AB20A029CC0091908D /* UIView+SDAutoLayout.m in Sources */ = {isa = PBXBuildFile; fileRef = C0E955A420A029CC0091908D /* UIView+SDAutoLayout.m */; };
		C0E955AC20A029CC0091908D /* UITableView+SDAutoTableViewCellHeight.m in Sources */ = {isa = PBXBuildFile; fileRef = C0E955A720A029CC0091908D /* UITableView+SDAutoTableViewCellHeight.m */; };
		C0E955AD20A029CC0091908D /* LICENSE in Resources */ = {isa = PBXBuildFile; fileRef = C0E955A920A029CC0091908D /* LICENSE */; };
		C0E955AE20A029CC0091908D /* README.md in Resources */ = {isa = PBXBuildFile; fileRef = C0E955AA20A029CC0091908D /* README.md */; };
/* End PBXBuildFile section */

/* Begin PBXFileReference section */
		541F5C89567CB90B6EFAAA48 /* Pods_O_trialPro_Swift.framework */ = {isa = PBXFileReference; explicitFileType = wrapper.framework; includeInIndex = 0; path = Pods_O_trialPro_Swift.framework; sourceTree = BUILT_PRODUCTS_DIR; };
		5D746442B86130FE65D1879C /* Pods-O-trialPro-Swift.release.xcconfig */ = {isa = PBXFileReference; includeInIndex = 1; lastKnownFileType = text.xcconfig; name = "Pods-O-trialPro-Swift.release.xcconfig"; path = "Pods/Target Support Files/Pods-O-trialPro-Swift/Pods-O-trialPro-Swift.release.xcconfig"; sourceTree = "<group>"; };
		C027576420B29C0E00A2B298 /* OTProjectListCell.swift */ = {isa = PBXFileReference; lastKnownFileType = sourcecode.swift; path = OTProjectListCell.swift; sourceTree = "<group>"; };
		C027576620B2A20200A2B298 /* UITableViewCell+CellHeight.swift */ = {isa = PBXFileReference; lastKnownFileType = sourcecode.swift; path = "UITableViewCell+CellHeight.swift"; sourceTree = "<group>"; };
		C027577220B405D500A2B298 /* OTLoginModel.swift */ = {isa = PBXFileReference; lastKnownFileType = sourcecode.swift; path = OTLoginModel.swift; sourceTree = "<group>"; };
		C027577420B40A0F00A2B298 /* OTProjectModel.swift */ = {isa = PBXFileReference; lastKnownFileType = sourcecode.swift; path = OTProjectModel.swift; sourceTree = "<group>"; };
		C027577620B40BB900A2B298 /* OTBaseModel.swift */ = {isa = PBXFileReference; lastKnownFileType = sourcecode.swift; path = OTBaseModel.swift; sourceTree = "<group>"; };
		C027577820B50E3100A2B298 /* UIButton+Extension.swift */ = {isa = PBXFileReference; lastKnownFileType = sourcecode.swift; path = "UIButton+Extension.swift"; sourceTree = "<group>"; };
		C027577A20B53CD200A2B298 /* OTSiteModel.swift */ = {isa = PBXFileReference; lastKnownFileType = sourcecode.swift; path = OTSiteModel.swift; sourceTree = "<group>"; };
		C027577C20B560AF00A2B298 /* BaseNavigationController.swift */ = {isa = PBXFileReference; lastKnownFileType = sourcecode.swift; path = BaseNavigationController.swift; sourceTree = "<group>"; };
		C027578020B562A800A2B298 /* BaseTableView.swift */ = {isa = PBXFileReference; lastKnownFileType = sourcecode.swift; path = BaseTableView.swift; sourceTree = "<group>"; };
		C027578520B56B8B00A2B298 /* BaseTabbarController.swift */ = {isa = PBXFileReference; lastKnownFileType = sourcecode.swift; path = BaseTabbarController.swift; sourceTree = "<group>"; };
		C027578720B56D6300A2B298 /* HomeVC.swift */ = {isa = PBXFileReference; lastKnownFileType = sourcecode.swift; path = HomeVC.swift; sourceTree = "<group>"; };
		C027578D20B56DB600A2B298 /* MineVC.swift */ = {isa = PBXFileReference; lastKnownFileType = sourcecode.swift; path = MineVC.swift; sourceTree = "<group>"; };
		C02D603F20EDC1C800BB6E2C /* ChartHeaderView.swift */ = {isa = PBXFileReference; lastKnownFileType = sourcecode.swift; path = ChartHeaderView.swift; sourceTree = "<group>"; };
		C02D604320EDC75700BB6E2C /* OTSubNumModel.swift */ = {isa = PBXFileReference; lastKnownFileType = sourcecode.swift; path = OTSubNumModel.swift; sourceTree = "<group>"; };
		C02D604520EE163E00BB6E2C /* BaseCollectionView.swift */ = {isa = PBXFileReference; lastKnownFileType = sourcecode.swift; path = BaseCollectionView.swift; sourceTree = "<group>"; };
		C02D604720EF094F00BB6E2C /* OTStatisticCell.swift */ = {isa = PBXFileReference; lastKnownFileType = sourcecode.swift; path = OTStatisticCell.swift; sourceTree = "<group>"; };
		C02D604920EF105400BB6E2C /* OTStsHeaderView.swift */ = {isa = PBXFileReference; lastKnownFileType = sourcecode.swift; path = OTStsHeaderView.swift; sourceTree = "<group>"; };
		C02D604B20EF185900BB6E2C /* StatisticsData.plist */ = {isa = PBXFileReference; fileEncoding = 4; lastKnownFileType = text.plist.xml; path = StatisticsData.plist; sourceTree = "<group>"; };
		C02D604D20EF18A500BB6E2C /* OTStsModel.swift */ = {isa = PBXFileReference; lastKnownFileType = sourcecode.swift; path = OTStsModel.swift; sourceTree = "<group>"; };
		C02D604F20EF4F3E00BB6E2C /* OTSiteView.swift */ = {isa = PBXFileReference; lastKnownFileType = sourcecode.swift; path = OTSiteView.swift; sourceTree = "<group>"; };
		C02D605120EF556300BB6E2C /* OTSiteCell.swift */ = {isa = PBXFileReference; lastKnownFileType = sourcecode.swift; path = OTSiteCell.swift; sourceTree = "<group>"; };
		C02E6C8420A14B72001D4963 /* UIColor+HexColor.swift */ = {isa = PBXFileReference; lastKnownFileType = sourcecode.swift; path = "UIColor+HexColor.swift"; sourceTree = "<group>"; };
		C02E6C8620A174BD001D4963 /* UITextField+Extension.swift */ = {isa = PBXFileReference; lastKnownFileType = sourcecode.swift; path = "UITextField+Extension.swift"; sourceTree = "<group>"; };
		C02E6C9820A2C637001D4963 /* JMWhenTapped.h */ = {isa = PBXFileReference; fileEncoding = 4; lastKnownFileType = sourcecode.c.h; path = JMWhenTapped.h; sourceTree = "<group>"; };
		C02E6C9920A2C637001D4963 /* UIView+WhenTappedBlocks.m */ = {isa = PBXFileReference; fileEncoding = 4; lastKnownFileType = sourcecode.c.objc; path = "UIView+WhenTappedBlocks.m"; sourceTree = "<group>"; };
		C02E6C9A20A2C637001D4963 /* UIView+WhenTappedBlocks.h */ = {isa = PBXFileReference; fileEncoding = 4; lastKnownFileType = sourcecode.c.h; path = "UIView+WhenTappedBlocks.h"; sourceTree = "<group>"; };
		C02E6CA020A2D730001D4963 /* OTConstans.swift */ = {isa = PBXFileReference; lastKnownFileType = sourcecode.swift; path = OTConstans.swift; sourceTree = "<group>"; };
		C02E6CA220A2D741001D4963 /* OTUtils.swift */ = {isa = PBXFileReference; lastKnownFileType = sourcecode.swift; path = OTUtils.swift; sourceTree = "<group>"; };
		C02E6CA420A2DCA6001D4963 /* UIView+OTExtension.swift */ = {isa = PBXFileReference; lastKnownFileType = sourcecode.swift; path = "UIView+OTExtension.swift"; sourceTree = "<group>"; };
		C02E6CAB20A3DC8B001D4963 /* UIView+WhenTapBlcok.swift */ = {isa = PBXFileReference; lastKnownFileType = sourcecode.swift; path = "UIView+WhenTapBlcok.swift"; sourceTree = "<group>"; };
		C02E6CB120A4219B001D4963 /* load.gif */ = {isa = PBXFileReference; lastKnownFileType = image.gif; path = load.gif; sourceTree = "<group>"; };
		C0314D3F20AC2FA200317F0C /* OTWKWebController.swift */ = {isa = PBXFileReference; lastKnownFileType = sourcecode.swift; path = OTWKWebController.swift; sourceTree = "<group>"; };
		C0337AF320BE7FA600FCB373 /* OTUserInfoModel.swift */ = {isa = PBXFileReference; lastKnownFileType = sourcecode.swift; path = OTUserInfoModel.swift; sourceTree = "<group>"; };
		C0337AF520BE8B8500FCB373 /* zh-Hans */ = {isa = PBXFileReference; lastKnownFileType = text.plist.strings; name = "zh-Hans"; path = "zh-Hans.lproj/Main.strings"; sourceTree = "<group>"; };
		C0337AF620BE8B8500FCB373 /* zh-Hans */ = {isa = PBXFileReference; lastKnownFileType = text.plist.strings; name = "zh-Hans"; path = "zh-Hans.lproj/LaunchScreen.strings"; sourceTree = "<group>"; };
		C0337AF720BE8B9700FCB373 /* zh-Hant */ = {isa = PBXFileReference; lastKnownFileType = text.plist.strings; name = "zh-Hant"; path = "zh-Hant.lproj/Main.strings"; sourceTree = "<group>"; };
		C0337AF820BE8B9800FCB373 /* zh-Hant */ = {isa = PBXFileReference; lastKnownFileType = text.plist.strings; name = "zh-Hant"; path = "zh-Hant.lproj/LaunchScreen.strings"; sourceTree = "<group>"; };
		C0337AFB20BE8F5100FCB373 /* En_LanguageList.plist */ = {isa = PBXFileReference; fileEncoding = 4; lastKnownFileType = text.plist.xml; path = En_LanguageList.plist; sourceTree = "<group>"; };
		C03E8A7A20B6C75300850D1F /* BaseTableViewCell.swift */ = {isa = PBXFileReference; lastKnownFileType = sourcecode.swift; path = BaseTableViewCell.swift; sourceTree = "<group>"; };
		C03E8A7C20B7A38000850D1F /* WaterWaveView.swift */ = {isa = PBXFileReference; lastKnownFileType = sourcecode.swift; path = WaterWaveView.swift; sourceTree = "<group>"; };
		C03E8A7E20B7F63100850D1F /* OTMineHeaderView.swift */ = {isa = PBXFileReference; lastKnownFileType = sourcecode.swift; path = OTMineHeaderView.swift; sourceTree = "<group>"; };
		C06150B720ECBA5C008DF8DF /* BarChart.swift */ = {isa = PBXFileReference; fileEncoding = 4; lastKnownFileType = sourcecode.swift; path = BarChart.swift; sourceTree = "<group>"; };
		C06150BD20EDA791008DF8DF /* ChartNormalCell.swift */ = {isa = PBXFileReference; lastKnownFileType = sourcecode.swift; path = ChartNormalCell.swift; sourceTree = "<group>"; };
		C0A9545920AE87B1003497F5 /* UIView+Category.swift */ = {isa = PBXFileReference; lastKnownFileType = sourcecode.swift; path = "UIView+Category.swift"; sourceTree = "<group>"; };
		C0A9545B20AEAD79003497F5 /* UIImage+Extension.swift */ = {isa = PBXFileReference; lastKnownFileType = sourcecode.swift; path = "UIImage+Extension.swift"; sourceTree = "<group>"; };
		C0A9545F20AED1F2003497F5 /* MyProjectVC.swift */ = {isa = PBXFileReference; lastKnownFileType = sourcecode.swift; path = MyProjectVC.swift; sourceTree = "<group>"; };
		C0CC724120B68ED200EB51D8 /* MessageVC.swift */ = {isa = PBXFileReference; lastKnownFileType = sourcecode.swift; path = MessageVC.swift; sourceTree = "<group>"; };
		C0CC724320B68EE300EB51D8 /* SubjectVC.swift */ = {isa = PBXFileReference; lastKnownFileType = sourcecode.swift; path = SubjectVC.swift; sourceTree = "<group>"; };
		C0CC724520B68EF200EB51D8 /* StatisticsVC.swift */ = {isa = PBXFileReference; lastKnownFileType = sourcecode.swift; path = StatisticsVC.swift; sourceTree = "<group>"; };
		C0CC724920B69E4800EB51D8 /* OTMineCell.swift */ = {isa = PBXFileReference; lastKnownFileType = sourcecode.swift; path = OTMineCell.swift; sourceTree = "<group>"; };
		C0CC724B20B6A17700EB51D8 /* OTMineModel.swift */ = {isa = PBXFileReference; lastKnownFileType = sourcecode.swift; path = OTMineModel.swift; sourceTree = "<group>"; };
		C0CC724D20B6A2B200EB51D8 /* mine.plist */ = {isa = PBXFileReference; lastKnownFileType = text.plist.xml; path = mine.plist; sourceTree = "<group>"; };
		C0DFFD3220D8FB9D00171948 /* MyProtocolVC.swift */ = {isa = PBXFileReference; lastKnownFileType = sourcecode.swift; path = MyProtocolVC.swift; sourceTree = "<group>"; };
		C0DFFD3420D8FC6800171948 /* SettingVC.swift */ = {isa = PBXFileReference; lastKnownFileType = sourcecode.swift; path = SettingVC.swift; sourceTree = "<group>"; };
		C0DFFD3620D9E76700171948 /* OffLinePictureVC.swift */ = {isa = PBXFileReference; lastKnownFileType = sourcecode.swift; path = OffLinePictureVC.swift; sourceTree = "<group>"; };
		C0DFFD3820D9EC6D00171948 /* MyProtocolCell.swift */ = {isa = PBXFileReference; lastKnownFileType = sourcecode.swift; path = MyProtocolCell.swift; sourceTree = "<group>"; };
		C0DFFD3A20DA212600171948 /* AboutOrialVC.swift */ = {isa = PBXFileReference; lastKnownFileType = sourcecode.swift; path = AboutOrialVC.swift; sourceTree = "<group>"; };
		C0DFFD3C20DA221D00171948 /* AboutOtrialCell.swift */ = {isa = PBXFileReference; lastKnownFileType = sourcecode.swift; path = AboutOtrialCell.swift; sourceTree = "<group>"; };
		C0DFFD4520DB781400171948 /* ModifyPwdVC.swift */ = {isa = PBXFileReference; lastKnownFileType = sourcecode.swift; path = ModifyPwdVC.swift; sourceTree = "<group>"; };
		C0E3AC1220A55C5D00188D3C /* SHAEncoder.h */ = {isa = PBXFileReference; fileEncoding = 4; lastKnownFileType = sourcecode.c.h; path = SHAEncoder.h; sourceTree = "<group>"; };
		C0E3AC1320A55C5E00188D3C /* SHAEncoder.m */ = {isa = PBXFileReference; fileEncoding = 4; lastKnownFileType = sourcecode.c.objc; path = SHAEncoder.m; sourceTree = "<group>"; };
		C0E3AC1620A562DD00188D3C /* HttpManager.swift */ = {isa = PBXFileReference; lastKnownFileType = sourcecode.swift; path = HttpManager.swift; sourceTree = "<group>"; };
		C0E3AC1A20A5747800188D3C /* OTLoginCenter.swift */ = {isa = PBXFileReference; lastKnownFileType = sourcecode.swift; path = OTLoginCenter.swift; sourceTree = "<group>"; };
		C0E3AC1C20A955E600188D3C /* OTLoginTextField.swift */ = {isa = PBXFileReference; lastKnownFileType = sourcecode.swift; path = OTLoginTextField.swift; sourceTree = "<group>"; };
		C0E3AC1E20A9685F00188D3C /* NSString+Extensioin.swift */ = {isa = PBXFileReference; lastKnownFileType = sourcecode.swift; path = "NSString+Extensioin.swift"; sourceTree = "<group>"; };
		C0E3AC2220A9714000188D3C /* String+Extension.swift */ = {isa = PBXFileReference; lastKnownFileType = sourcecode.swift; path = "String+Extension.swift"; sourceTree = "<group>"; };
		C0E3AC2820AA6AAF00188D3C /* BaseViewController.swift */ = {isa = PBXFileReference; lastKnownFileType = sourcecode.swift; path = BaseViewController.swift; sourceTree = "<group>"; };
		C0E3AC2A20AA73C500188D3C /* OTResponseResult.swift */ = {isa = PBXFileReference; lastKnownFileType = sourcecode.swift; path = OTResponseResult.swift; sourceTree = "<group>"; };
		C0E9558620A019740091908D /* O-trialPro-Swift.app */ = {isa = PBXFileReference; explicitFileType = wrapper.application; includeInIndex = 0; path = "O-trialPro-Swift.app"; sourceTree = BUILT_PRODUCTS_DIR; };
		C0E9558920A019740091908D /* AppDelegate.swift */ = {isa = PBXFileReference; lastKnownFileType = sourcecode.swift; path = AppDelegate.swift; sourceTree = "<group>"; };
		C0E9558E20A019740091908D /* Base */ = {isa = PBXFileReference; lastKnownFileType = file.storyboard; name = Base; path = Base.lproj/Main.storyboard; sourceTree = "<group>"; };
		C0E9559020A019760091908D /* Assets.xcassets */ = {isa = PBXFileReference; lastKnownFileType = folder.assetcatalog; path = Assets.xcassets; sourceTree = "<group>"; };
		C0E9559320A019760091908D /* Base */ = {isa = PBXFileReference; lastKnownFileType = file.storyboard; name = Base; path = Base.lproj/LaunchScreen.storyboard; sourceTree = "<group>"; };
		C0E9559520A019760091908D /* Info.plist */ = {isa = PBXFileReference; lastKnownFileType = text.plist.xml; path = Info.plist; sourceTree = "<group>"; };
		C0E9559E20A01DEC0091908D /* LoginVC.swift */ = {isa = PBXFileReference; lastKnownFileType = sourcecode.swift; path = LoginVC.swift; sourceTree = "<group>"; };
		C0E955A420A029CC0091908D /* UIView+SDAutoLayout.m */ = {isa = PBXFileReference; fileEncoding = 4; lastKnownFileType = sourcecode.c.objc; path = "UIView+SDAutoLayout.m"; sourceTree = "<group>"; };
		C0E955A520A029CC0091908D /* UITableView+SDAutoTableViewCellHeight.h */ = {isa = PBXFileReference; fileEncoding = 4; lastKnownFileType = sourcecode.c.h; path = "UITableView+SDAutoTableViewCellHeight.h"; sourceTree = "<group>"; };
		C0E955A620A029CC0091908D /* SDAutoLayout.h */ = {isa = PBXFileReference; fileEncoding = 4; lastKnownFileType = sourcecode.c.h; path = SDAutoLayout.h; sourceTree = "<group>"; };
		C0E955A720A029CC0091908D /* UITableView+SDAutoTableViewCellHeight.m */ = {isa = PBXFileReference; fileEncoding = 4; lastKnownFileType = sourcecode.c.objc; path = "UITableView+SDAutoTableViewCellHeight.m"; sourceTree = "<group>"; };
		C0E955A820A029CC0091908D /* UIView+SDAutoLayout.h */ = {isa = PBXFileReference; fileEncoding = 4; lastKnownFileType = sourcecode.c.h; path = "UIView+SDAutoLayout.h"; sourceTree = "<group>"; };
		C0E955A920A029CC0091908D /* LICENSE */ = {isa = PBXFileReference; fileEncoding = 4; lastKnownFileType = text; path = LICENSE; sourceTree = "<group>"; };
		C0E955AA20A029CC0091908D /* README.md */ = {isa = PBXFileReference; fileEncoding = 4; lastKnownFileType = net.daringfireball.markdown; path = README.md; sourceTree = "<group>"; };
		C0E955B220A02B400091908D /* Bridge_header.h */ = {isa = PBXFileReference; lastKnownFileType = sourcecode.c.h; path = Bridge_header.h; sourceTree = "<group>"; };
		D89EDF002024F806322A8811 /* Pods-O-trialPro-Swift.debug.xcconfig */ = {isa = PBXFileReference; includeInIndex = 1; lastKnownFileType = text.xcconfig; name = "Pods-O-trialPro-Swift.debug.xcconfig"; path = "Pods/Target Support Files/Pods-O-trialPro-Swift/Pods-O-trialPro-Swift.debug.xcconfig"; sourceTree = "<group>"; };
/* End PBXFileReference section */

/* Begin PBXFrameworksBuildPhase section */
		C0E9558320A019740091908D /* Frameworks */ = {
			isa = PBXFrameworksBuildPhase;
			buildActionMask = 2147483647;
			files = (
				7628D239C36F7C34B4EF14B0 /* Pods_O_trialPro_Swift.framework in Frameworks */,
			);
			runOnlyForDeploymentPostprocessing = 0;
		};
/* End PBXFrameworksBuildPhase section */

/* Begin PBXGroup section */
		2190270C5488FBED2A8EC9A0 /* Pods */ = {
			isa = PBXGroup;
			children = (
				D89EDF002024F806322A8811 /* Pods-O-trialPro-Swift.debug.xcconfig */,
				5D746442B86130FE65D1879C /* Pods-O-trialPro-Swift.release.xcconfig */,
			);
			name = Pods;
			sourceTree = "<group>";
		};
		4363C27E1F142A878AD77D3A /* Frameworks */ = {
			isa = PBXGroup;
			children = (
				541F5C89567CB90B6EFAAA48 /* Pods_O_trialPro_Swift.framework */,
			);
			name = Frameworks;
			sourceTree = "<group>";
		};
		C027578920B56D9F00A2B298 /* Mine */ = {
			isa = PBXGroup;
			children = (
				C0CC724D20B6A2B200EB51D8 /* mine.plist */,
				C027578A20B56D9F00A2B298 /* Controller */,
				C027578B20B56D9F00A2B298 /* Model */,
				C027578C20B56D9F00A2B298 /* View */,
			);
			path = Mine;
			sourceTree = "<group>";
		};
		C027578A20B56D9F00A2B298 /* Controller */ = {
			isa = PBXGroup;
			children = (
				C027578D20B56DB600A2B298 /* MineVC.swift */,
				C0DFFD3220D8FB9D00171948 /* MyProtocolVC.swift */,
				C0DFFD3420D8FC6800171948 /* SettingVC.swift */,
				C0DFFD3620D9E76700171948 /* OffLinePictureVC.swift */,
				C0DFFD3A20DA212600171948 /* AboutOrialVC.swift */,
				C0DFFD4520DB781400171948 /* ModifyPwdVC.swift */,
			);
			path = Controller;
			sourceTree = "<group>";
		};
		C027578B20B56D9F00A2B298 /* Model */ = {
			isa = PBXGroup;
			children = (
				C0CC724B20B6A17700EB51D8 /* OTMineModel.swift */,
			);
			path = Model;
			sourceTree = "<group>";
		};
		C027578C20B56D9F00A2B298 /* View */ = {
			isa = PBXGroup;
			children = (
				C0CC724920B69E4800EB51D8 /* OTMineCell.swift */,
				C03E8A7C20B7A38000850D1F /* WaterWaveView.swift */,
				C03E8A7E20B7F63100850D1F /* OTMineHeaderView.swift */,
				C0DFFD3820D9EC6D00171948 /* MyProtocolCell.swift */,
				C0DFFD3C20DA221D00171948 /* AboutOtrialCell.swift */,
			);
			path = View;
			sourceTree = "<group>";
		};
		C02E6C7E20A14A69001D4963 /* Category */ = {
			isa = PBXGroup;
			children = (
				C02E6C8420A14B72001D4963 /* UIColor+HexColor.swift */,
				C02E6C8620A174BD001D4963 /* UITextField+Extension.swift */,
				C02E6CA420A2DCA6001D4963 /* UIView+OTExtension.swift */,
				C0A9545920AE87B1003497F5 /* UIView+Category.swift */,
				C02E6CAB20A3DC8B001D4963 /* UIView+WhenTapBlcok.swift */,
				C0E3AC1E20A9685F00188D3C /* NSString+Extensioin.swift */,
				C0E3AC2220A9714000188D3C /* String+Extension.swift */,
				C0A9545B20AEAD79003497F5 /* UIImage+Extension.swift */,
				C027576620B2A20200A2B298 /* UITableViewCell+CellHeight.swift */,
				C027577820B50E3100A2B298 /* UIButton+Extension.swift */,
			);
			path = Category;
			sourceTree = "<group>";
		};
		C02E6C9720A2C637001D4963 /* UIViewTouch */ = {
			isa = PBXGroup;
			children = (
				C02E6C9820A2C637001D4963 /* JMWhenTapped.h */,
				C02E6C9A20A2C637001D4963 /* UIView+WhenTappedBlocks.h */,
				C02E6C9920A2C637001D4963 /* UIView+WhenTappedBlocks.m */,
			);
			path = UIViewTouch;
			sourceTree = "<group>";
		};
		C02E6C9C20A2D0D8001D4963 /* Model */ = {
			isa = PBXGroup;
			children = (
				C027577220B405D500A2B298 /* OTLoginModel.swift */,
				C0337AF320BE7FA600FCB373 /* OTUserInfoModel.swift */,
			);
			path = Model;
			sourceTree = "<group>";
		};
		C02E6C9D20A2D0D8001D4963 /* Controller */ = {
			isa = PBXGroup;
			children = (
				C0E9559E20A01DEC0091908D /* LoginVC.swift */,
			);
			path = Controller;
			sourceTree = "<group>";
		};
		C02E6C9E20A2D0D9001D4963 /* View */ = {
			isa = PBXGroup;
			children = (
				C0E3AC1C20A955E600188D3C /* OTLoginTextField.swift */,
			);
			path = View;
			sourceTree = "<group>";
		};
		C02E6C9F20A2D675001D4963 /* Global */ = {
			isa = PBXGroup;
			children = (
				C0337AFB20BE8F5100FCB373 /* En_LanguageList.plist */,
				C0E9558920A019740091908D /* AppDelegate.swift */,
				C0E955B220A02B400091908D /* Bridge_header.h */,
				C02E6CA020A2D730001D4963 /* OTConstans.swift */,
				C0E3AC2A20AA73C500188D3C /* OTResponseResult.swift */,
			);
			path = Global;
			sourceTree = "<group>";
		};
		C02E6CAD20A420A6001D4963 /* Common */ = {
			isa = PBXGroup;
			children = (
				C0E3AC1520A562BF00188D3C /* HttpManager */,
				C0E3AC1220A55C5D00188D3C /* SHAEncoder.h */,
				C0E3AC1320A55C5E00188D3C /* SHAEncoder.m */,
				C0E3AC1A20A5747800188D3C /* OTLoginCenter.swift */,
				C0E3AC2820AA6AAF00188D3C /* BaseViewController.swift */,
				C027577C20B560AF00A2B298 /* BaseNavigationController.swift */,
				C027578520B56B8B00A2B298 /* BaseTabbarController.swift */,
				C027578020B562A800A2B298 /* BaseTableView.swift */,
				C02D604520EE163E00BB6E2C /* BaseCollectionView.swift */,
				C03E8A7A20B6C75300850D1F /* BaseTableViewCell.swift */,
				C027577620B40BB900A2B298 /* OTBaseModel.swift */,
				C02E6CA220A2D741001D4963 /* OTUtils.swift */,
			);
			path = Common;
			sourceTree = "<group>";
		};
		C02E6CB020A4213E001D4963 /* Resource */ = {
			isa = PBXGroup;
			children = (
				C02E6CB120A4219B001D4963 /* load.gif */,
			);
			path = Resource;
			sourceTree = "<group>";
		};
		C06150B620ECBA5C008DF8DF /* BarChart */ = {
			isa = PBXGroup;
			children = (
				C06150B720ECBA5C008DF8DF /* BarChart.swift */,
				C06150BD20EDA791008DF8DF /* ChartNormalCell.swift */,
				C02D603F20EDC1C800BB6E2C /* ChartHeaderView.swift */,
			);
			path = BarChart;
			sourceTree = "<group>";
		};
		C0CC723520B68E9500EB51D8 /* Message */ = {
			isa = PBXGroup;
			children = (
				C0CC723620B68E9500EB51D8 /* Controller */,
				C0CC723720B68E9500EB51D8 /* Model */,
				C0CC723820B68E9500EB51D8 /* View */,
			);
			path = Message;
			sourceTree = "<group>";
		};
		C0CC723620B68E9500EB51D8 /* Controller */ = {
			isa = PBXGroup;
			children = (
				C0CC724120B68ED200EB51D8 /* MessageVC.swift */,
			);
			path = Controller;
			sourceTree = "<group>";
		};
		C0CC723720B68E9500EB51D8 /* Model */ = {
			isa = PBXGroup;
			children = (
			);
			path = Model;
			sourceTree = "<group>";
		};
		C0CC723820B68E9500EB51D8 /* View */ = {
			isa = PBXGroup;
			children = (
			);
			path = View;
			sourceTree = "<group>";
		};
		C0CC723920B68E9600EB51D8 /* Statistics */ = {
			isa = PBXGroup;
			children = (
				C02D604B20EF185900BB6E2C /* StatisticsData.plist */,
				C0CC723A20B68E9600EB51D8 /* Controller */,
				C0CC723B20B68E9600EB51D8 /* Model */,
				C0CC723C20B68E9600EB51D8 /* View */,
			);
			path = Statistics;
			sourceTree = "<group>";
		};
		C0CC723A20B68E9600EB51D8 /* Controller */ = {
			isa = PBXGroup;
			children = (
				C0CC724520B68EF200EB51D8 /* StatisticsVC.swift */,
			);
			path = Controller;
			sourceTree = "<group>";
		};
		C0CC723B20B68E9600EB51D8 /* Model */ = {
			isa = PBXGroup;
			children = (
				C02D604320EDC75700BB6E2C /* OTSubNumModel.swift */,
				C02D604D20EF18A500BB6E2C /* OTStsModel.swift */,
			);
			path = Model;
			sourceTree = "<group>";
		};
		C0CC723C20B68E9600EB51D8 /* View */ = {
			isa = PBXGroup;
			children = (
				C02D604720EF094F00BB6E2C /* OTStatisticCell.swift */,
				C02D604920EF105400BB6E2C /* OTStsHeaderView.swift */,
				C02D604F20EF4F3E00BB6E2C /* OTSiteView.swift */,
				C02D605120EF556300BB6E2C /* OTSiteCell.swift */,
				C06150B620ECBA5C008DF8DF /* BarChart */,
			);
			path = View;
			sourceTree = "<group>";
		};
		C0CC723D20B68E9600EB51D8 /* Subject */ = {
			isa = PBXGroup;
			children = (
				C0CC723E20B68E9600EB51D8 /* Controller */,
				C0CC723F20B68E9600EB51D8 /* Model */,
				C0CC724020B68E9600EB51D8 /* View */,
			);
			path = Subject;
			sourceTree = "<group>";
		};
		C0CC723E20B68E9600EB51D8 /* Controller */ = {
			isa = PBXGroup;
			children = (
				C0CC724320B68EE300EB51D8 /* SubjectVC.swift */,
			);
			path = Controller;
			sourceTree = "<group>";
		};
		C0CC723F20B68E9600EB51D8 /* Model */ = {
			isa = PBXGroup;
			children = (
			);
			path = Model;
			sourceTree = "<group>";
		};
		C0CC724020B68E9600EB51D8 /* View */ = {
			isa = PBXGroup;
			children = (
			);
			path = View;
			sourceTree = "<group>";
		};
		C0E3AC1520A562BF00188D3C /* HttpManager */ = {
			isa = PBXGroup;
			children = (
				C0E3AC1620A562DD00188D3C /* HttpManager.swift */,
			);
			path = HttpManager;
			sourceTree = "<group>";
		};
		C0E3AC2420AA6A7A00188D3C /* Home */ = {
			isa = PBXGroup;
			children = (
				C0E3AC2520AA6A7A00188D3C /* Controller */,
				C0E3AC2620AA6A7A00188D3C /* Model */,
				C0E3AC2720AA6A7A00188D3C /* View */,
			);
			path = Home;
			sourceTree = "<group>";
		};
		C0E3AC2520AA6A7A00188D3C /* Controller */ = {
			isa = PBXGroup;
			children = (
				C0A9545F20AED1F2003497F5 /* MyProjectVC.swift */,
				C0314D3F20AC2FA200317F0C /* OTWKWebController.swift */,
				C027578720B56D6300A2B298 /* HomeVC.swift */,
			);
			path = Controller;
			sourceTree = "<group>";
		};
		C0E3AC2620AA6A7A00188D3C /* Model */ = {
			isa = PBXGroup;
			children = (
				C027577420B40A0F00A2B298 /* OTProjectModel.swift */,
				C027577A20B53CD200A2B298 /* OTSiteModel.swift */,
			);
			path = Model;
			sourceTree = "<group>";
		};
		C0E3AC2720AA6A7A00188D3C /* View */ = {
			isa = PBXGroup;
			children = (
				C027576420B29C0E00A2B298 /* OTProjectListCell.swift */,
			);
			path = View;
			sourceTree = "<group>";
		};
		C0E9557D20A019730091908D = {
			isa = PBXGroup;
			children = (
				C0E9558820A019740091908D /* O-trialPro-Swift */,
				C0E9558720A019740091908D /* Products */,
				2190270C5488FBED2A8EC9A0 /* Pods */,
				4363C27E1F142A878AD77D3A /* Frameworks */,
			);
			sourceTree = "<group>";
		};
		C0E9558720A019740091908D /* Products */ = {
			isa = PBXGroup;
			children = (
				C0E9558620A019740091908D /* O-trialPro-Swift.app */,
			);
			name = Products;
			sourceTree = "<group>";
		};
		C0E9558820A019740091908D /* O-trialPro-Swift */ = {
			isa = PBXGroup;
			children = (
				C0E3AC2420AA6A7A00188D3C /* Home */,
				C0CC723520B68E9500EB51D8 /* Message */,
				C0CC723D20B68E9600EB51D8 /* Subject */,
				C0CC723920B68E9600EB51D8 /* Statistics */,
				C027578920B56D9F00A2B298 /* Mine */,
				C0E9559D20A01DD20091908D /* Login */,
				C02E6C7E20A14A69001D4963 /* Category */,
				C02E6CAD20A420A6001D4963 /* Common */,
				C02E6CB020A4213E001D4963 /* Resource */,
				C0E955A020A029B70091908D /* ToolClass */,
				C02E6C9F20A2D675001D4963 /* Global */,
				C0E9558D20A019740091908D /* Main.storyboard */,
				C0E9559020A019760091908D /* Assets.xcassets */,
				C0E9559220A019760091908D /* LaunchScreen.storyboard */,
				C0E9559520A019760091908D /* Info.plist */,
			);
			path = "O-trialPro-Swift";
			sourceTree = "<group>";
		};
		C0E9559D20A01DD20091908D /* Login */ = {
			isa = PBXGroup;
			children = (
				C02E6C9D20A2D0D8001D4963 /* Controller */,
				C02E6C9C20A2D0D8001D4963 /* Model */,
				C02E6C9E20A2D0D9001D4963 /* View */,
			);
			path = Login;
			sourceTree = "<group>";
		};
		C0E955A020A029B70091908D /* ToolClass */ = {
			isa = PBXGroup;
			children = (
				C02E6C9720A2C637001D4963 /* UIViewTouch */,
				C0E955A120A029CC0091908D /* SDAutoLayout */,
			);
			path = ToolClass;
			sourceTree = "<group>";
		};
		C0E955A120A029CC0091908D /* SDAutoLayout */ = {
			isa = PBXGroup;
			children = (
				C0E955A220A029CC0091908D /* SDAutoLayoutDemo */,
				C0E955A920A029CC0091908D /* LICENSE */,
				C0E955AA20A029CC0091908D /* README.md */,
			);
			path = SDAutoLayout;
			sourceTree = "<group>";
		};
		C0E955A220A029CC0091908D /* SDAutoLayoutDemo */ = {
			isa = PBXGroup;
			children = (
				C0E955A320A029CC0091908D /* SDAutoLayout */,
			);
			path = SDAutoLayoutDemo;
			sourceTree = "<group>";
		};
		C0E955A320A029CC0091908D /* SDAutoLayout */ = {
			isa = PBXGroup;
			children = (
				C0E955A420A029CC0091908D /* UIView+SDAutoLayout.m */,
				C0E955A520A029CC0091908D /* UITableView+SDAutoTableViewCellHeight.h */,
				C0E955A620A029CC0091908D /* SDAutoLayout.h */,
				C0E955A720A029CC0091908D /* UITableView+SDAutoTableViewCellHeight.m */,
				C0E955A820A029CC0091908D /* UIView+SDAutoLayout.h */,
			);
			path = SDAutoLayout;
			sourceTree = "<group>";
		};
/* End PBXGroup section */

/* Begin PBXNativeTarget section */
		C0E9558520A019740091908D /* O-trialPro-Swift */ = {
			isa = PBXNativeTarget;
			buildConfigurationList = C0E9559820A019760091908D /* Build configuration list for PBXNativeTarget "O-trialPro-Swift" */;
			buildPhases = (
				B82A6BE68835EB8D677C882A /* [CP] Check Pods Manifest.lock */,
				C0E9558220A019740091908D /* Sources */,
				C0E9558320A019740091908D /* Frameworks */,
				C0E9558420A019740091908D /* Resources */,
				ABED8C609EBF1D7480B36BAB /* [CP] Embed Pods Frameworks */,
				4AE09CB6C4637DF1285011BA /* [CP] Copy Pods Resources */,
			);
			buildRules = (
			);
			dependencies = (
			);
			name = "O-trialPro-Swift";
			productName = "O-trialPro-Swift";
			productReference = C0E9558620A019740091908D /* O-trialPro-Swift.app */;
			productType = "com.apple.product-type.application";
		};
/* End PBXNativeTarget section */

/* Begin PBXProject section */
		C0E9557E20A019730091908D /* Project object */ = {
			isa = PBXProject;
			attributes = {
				LastSwiftUpdateCheck = 0930;
				LastUpgradeCheck = 0930;
				ORGANIZATIONNAME = oceanus;
				TargetAttributes = {
					C0E9558520A019740091908D = {
						CreatedOnToolsVersion = 9.3;
					};
				};
			};
			buildConfigurationList = C0E9558120A019730091908D /* Build configuration list for PBXProject "O-trialPro-Swift" */;
			compatibilityVersion = "Xcode 9.3";
			developmentRegion = en;
			hasScannedForEncodings = 0;
			knownRegions = (
				en,
				Base,
			);
			mainGroup = C0E9557D20A019730091908D;
			productRefGroup = C0E9558720A019740091908D /* Products */;
			projectDirPath = "";
			projectRoot = "";
			targets = (
				C0E9558520A019740091908D /* O-trialPro-Swift */,
			);
		};
/* End PBXProject section */

/* Begin PBXResourcesBuildPhase section */
		C0E9558420A019740091908D /* Resources */ = {
			isa = PBXResourcesBuildPhase;
			buildActionMask = 2147483647;
			files = (
				C0E9559420A019760091908D /* LaunchScreen.storyboard in Resources */,
				C0337AFC20BE8F5100FCB373 /* En_LanguageList.plist in Resources */,
				C0CC724E20B6A2B200EB51D8 /* mine.plist in Resources */,
				C0E9559120A019760091908D /* Assets.xcassets in Resources */,
				C0E955AE20A029CC0091908D /* README.md in Resources */,
				C0E955AD20A029CC0091908D /* LICENSE in Resources */,
				C02E6CB220A4219B001D4963 /* load.gif in Resources */,
				C0E9558F20A019740091908D /* Main.storyboard in Resources */,
				C02D604C20EF185900BB6E2C /* StatisticsData.plist in Resources */,
			);
			runOnlyForDeploymentPostprocessing = 0;
		};
/* End PBXResourcesBuildPhase section */

/* Begin PBXShellScriptBuildPhase section */
		4AE09CB6C4637DF1285011BA /* [CP] Copy Pods Resources */ = {
			isa = PBXShellScriptBuildPhase;
			buildActionMask = 2147483647;
			files = (
			);
			inputPaths = (
			);
			name = "[CP] Copy Pods Resources";
			outputPaths = (
			);
			runOnlyForDeploymentPostprocessing = 0;
			shellPath = /bin/sh;
			shellScript = "\"${SRCROOT}/Pods/Target Support Files/Pods-O-trialPro-Swift/Pods-O-trialPro-Swift-resources.sh\"\n";
			showEnvVarsInLog = 0;
		};
		ABED8C609EBF1D7480B36BAB /* [CP] Embed Pods Frameworks */ = {
			isa = PBXShellScriptBuildPhase;
			buildActionMask = 2147483647;
			files = (
			);
			inputPaths = (
			);
			name = "[CP] Embed Pods Frameworks";
			outputPaths = (
			);
			runOnlyForDeploymentPostprocessing = 0;
			shellPath = /bin/sh;
			shellScript = "\"${SRCROOT}/Pods/Target Support Files/Pods-O-trialPro-Swift/Pods-O-trialPro-Swift-frameworks.sh\"\n";
			showEnvVarsInLog = 0;
		};
		B82A6BE68835EB8D677C882A /* [CP] Check Pods Manifest.lock */ = {
			isa = PBXShellScriptBuildPhase;
			buildActionMask = 2147483647;
			files = (
			);
			inputPaths = (
			);
			name = "[CP] Check Pods Manifest.lock";
			outputPaths = (
			);
			runOnlyForDeploymentPostprocessing = 0;
			shellPath = /bin/sh;
			shellScript = "diff \"${PODS_PODFILE_DIR_PATH}/Podfile.lock\" \"${PODS_ROOT}/Manifest.lock\" > /dev/null\nif [ $? != 0 ] ; then\n    # print error to STDERR\n    echo \"error: The sandbox is not in sync with the Podfile.lock. Run 'pod install' or update your CocoaPods installation.\" >&2\n    exit 1\nfi\n";
			showEnvVarsInLog = 0;
		};
/* End PBXShellScriptBuildPhase section */

/* Begin PBXSourcesBuildPhase section */
		C0E9558220A019740091908D /* Sources */ = {
			isa = PBXSourcesBuildPhase;
			buildActionMask = 2147483647;
			files = (
				C0337AF420BE7FA600FCB373 /* OTUserInfoModel.swift in Sources */,
				C027577920B50E3100A2B298 /* UIButton+Extension.swift in Sources */,
				C027578820B56D6300A2B298 /* HomeVC.swift in Sources */,
				C02E6CA520A2DCA6001D4963 /* UIView+OTExtension.swift in Sources */,
				C02D604620EE163E00BB6E2C /* BaseCollectionView.swift in Sources */,
				C027578620B56B8B00A2B298 /* BaseTabbarController.swift in Sources */,
				C03E8A7B20B6C75300850D1F /* BaseTableViewCell.swift in Sources */,
				C03E8A7F20B7F63100850D1F /* OTMineHeaderView.swift in Sources */,
				C0A9546020AED1F2003497F5 /* MyProjectVC.swift in Sources */,
				C0E3AC1720A562DD00188D3C /* HttpManager.swift in Sources */,
				C0E3AC1420A55C5E00188D3C /* SHAEncoder.m in Sources */,
				C027577320B405D500A2B298 /* OTLoginModel.swift in Sources */,
				C027578120B562A800A2B298 /* BaseTableView.swift in Sources */,
				C0CC724C20B6A17700EB51D8 /* OTMineModel.swift in Sources */,
				C0DFFD4620DB781400171948 /* ModifyPwdVC.swift in Sources */,
				C0DFFD3B20DA212700171948 /* AboutOrialVC.swift in Sources */,
				C0DFFD3720D9E76700171948 /* OffLinePictureVC.swift in Sources */,
				C0DFFD3320D8FB9D00171948 /* MyProtocolVC.swift in Sources */,
				C0E3AC2320A9714000188D3C /* String+Extension.swift in Sources */,
				C0CC724220B68ED200EB51D8 /* MessageVC.swift in Sources */,
				C0CC724420B68EE300EB51D8 /* SubjectVC.swift in Sources */,
				C06150B820ECBA5C008DF8DF /* BarChart.swift in Sources */,
				C027576520B29C0E00A2B298 /* OTProjectListCell.swift in Sources */,
				C0E3AC2920AA6AAF00188D3C /* BaseViewController.swift in Sources */,
				C02E6CAC20A3DC8B001D4963 /* UIView+WhenTapBlcok.swift in Sources */,
				C0DFFD3D20DA221D00171948 /* AboutOtrialCell.swift in Sources */,
				C02D604820EF094F00BB6E2C /* OTStatisticCell.swift in Sources */,
				C02D604E20EF18A500BB6E2C /* OTStsModel.swift in Sources */,
				C027578E20B56DB600A2B298 /* MineVC.swift in Sources */,
				C02D604020EDC1C800BB6E2C /* ChartHeaderView.swift in Sources */,
				C06150BE20EDA791008DF8DF /* ChartNormalCell.swift in Sources */,
				C0314D4020AC2FA200317F0C /* OTWKWebController.swift in Sources */,
				C0DFFD3920D9EC6D00171948 /* MyProtocolCell.swift in Sources */,
				C02E6CA320A2D741001D4963 /* OTUtils.swift in Sources */,
				C0A9545C20AEAD79003497F5 /* UIImage+Extension.swift in Sources */,
				C02E6C8520A14B72001D4963 /* UIColor+HexColor.swift in Sources */,
				C03E8A7D20B7A38000850D1F /* WaterWaveView.swift in Sources */,
				C0E3AC1D20A955E600188D3C /* OTLoginTextField.swift in Sources */,
				C02E6C8720A174BD001D4963 /* UITextField+Extension.swift in Sources */,
				C0E9558A20A019740091908D /* AppDelegate.swift in Sources */,
				C0E955AB20A029CC0091908D /* UIView+SDAutoLayout.m in Sources */,
				C0E3AC1F20A9685F00188D3C /* NSString+Extensioin.swift in Sources */,
				C02D604A20EF105400BB6E2C /* OTStsHeaderView.swift in Sources */,
				C027577520B40A0F00A2B298 /* OTProjectModel.swift in Sources */,
				C027577B20B53CD200A2B298 /* OTSiteModel.swift in Sources */,
				C027576720B2A20200A2B298 /* UITableViewCell+CellHeight.swift in Sources */,
				C0E9559F20A01DEC0091908D /* LoginVC.swift in Sources */,
				C02D604420EDC75700BB6E2C /* OTSubNumModel.swift in Sources */,
				C02E6C9B20A2C637001D4963 /* UIView+WhenTappedBlocks.m in Sources */,
				C0E955AC20A029CC0091908D /* UITableView+SDAutoTableViewCellHeight.m in Sources */,
				C0A9545A20AE87B1003497F5 /* UIView+Category.swift in Sources */,
				C0CC724620B68EF200EB51D8 /* StatisticsVC.swift in Sources */,
				C0DFFD3520D8FC6800171948 /* SettingVC.swift in Sources */,
				C02E6CA120A2D730001D4963 /* OTConstans.swift in Sources */,
				C0E3AC2B20AA73C500188D3C /* OTResponseResult.swift in Sources */,
				C027577D20B560AF00A2B298 /* BaseNavigationController.swift in Sources */,
				C0CC724A20B69E4800EB51D8 /* OTMineCell.swift in Sources */,
				C0E3AC1B20A5747800188D3C /* OTLoginCenter.swift in Sources */,
				C02D605020EF4F3E00BB6E2C /* OTSiteView.swift in Sources */,
				C027577720B40BB900A2B298 /* OTBaseModel.swift in Sources */,
				C02D605220EF556300BB6E2C /* OTSiteCell.swift in Sources */,
			);
			runOnlyForDeploymentPostprocessing = 0;
		};
/* End PBXSourcesBuildPhase section */

/* Begin PBXVariantGroup section */
		C0E9558D20A019740091908D /* Main.storyboard */ = {
			isa = PBXVariantGroup;
			children = (
				C0E9558E20A019740091908D /* Base */,
				C0337AF520BE8B8500FCB373 /* zh-Hans */,
				C0337AF720BE8B9700FCB373 /* zh-Hant */,
			);
			name = Main.storyboard;
			sourceTree = "<group>";
		};
		C0E9559220A019760091908D /* LaunchScreen.storyboard */ = {
			isa = PBXVariantGroup;
			children = (
				C0E9559320A019760091908D /* Base */,
				C0337AF620BE8B8500FCB373 /* zh-Hans */,
				C0337AF820BE8B9800FCB373 /* zh-Hant */,
			);
			name = LaunchScreen.storyboard;
			sourceTree = "<group>";
		};
/* End PBXVariantGroup section */

/* Begin XCBuildConfiguration section */
		C0E9559620A019760091908D /* Debug */ = {
			isa = XCBuildConfiguration;
			buildSettings = {
				ALWAYS_SEARCH_USER_PATHS = NO;
				CLANG_ANALYZER_LOCALIZABILITY_NONLOCALIZED = YES;
				CLANG_ANALYZER_NONNULL = YES;
				CLANG_ANALYZER_NUMBER_OBJECT_CONVERSION = YES_AGGRESSIVE;
				CLANG_CXX_LANGUAGE_STANDARD = "gnu++14";
				CLANG_CXX_LIBRARY = "libc++";
				CLANG_ENABLE_MODULES = YES;
				CLANG_ENABLE_OBJC_ARC = YES;
				CLANG_ENABLE_OBJC_WEAK = YES;
				CLANG_WARN_BLOCK_CAPTURE_AUTORELEASING = YES;
				CLANG_WARN_BOOL_CONVERSION = YES;
				CLANG_WARN_COMMA = YES;
				CLANG_WARN_CONSTANT_CONVERSION = YES;
				CLANG_WARN_DEPRECATED_OBJC_IMPLEMENTATIONS = YES;
				CLANG_WARN_DIRECT_OBJC_ISA_USAGE = YES_ERROR;
				CLANG_WARN_DOCUMENTATION_COMMENTS = YES;
				CLANG_WARN_EMPTY_BODY = YES;
				CLANG_WARN_ENUM_CONVERSION = YES;
				CLANG_WARN_INFINITE_RECURSION = YES;
				CLANG_WARN_INT_CONVERSION = YES;
				CLANG_WARN_NON_LITERAL_NULL_CONVERSION = YES;
				CLANG_WARN_OBJC_IMPLICIT_RETAIN_SELF = YES;
				CLANG_WARN_OBJC_LITERAL_CONVERSION = YES;
				CLANG_WARN_OBJC_ROOT_CLASS = YES_ERROR;
				CLANG_WARN_RANGE_LOOP_ANALYSIS = YES;
				CLANG_WARN_STRICT_PROTOTYPES = YES;
				CLANG_WARN_SUSPICIOUS_MOVE = YES;
				CLANG_WARN_UNGUARDED_AVAILABILITY = YES_AGGRESSIVE;
				CLANG_WARN_UNREACHABLE_CODE = YES;
				CLANG_WARN__DUPLICATE_METHOD_MATCH = YES;
				CODE_SIGN_IDENTITY = "iPhone Developer";
				COPY_PHASE_STRIP = NO;
				DEBUG_INFORMATION_FORMAT = dwarf;
				ENABLE_STRICT_OBJC_MSGSEND = YES;
				ENABLE_TESTABILITY = YES;
				GCC_C_LANGUAGE_STANDARD = gnu11;
				GCC_DYNAMIC_NO_PIC = NO;
				GCC_NO_COMMON_BLOCKS = YES;
				GCC_OPTIMIZATION_LEVEL = 0;
				GCC_PREPROCESSOR_DEFINITIONS = (
					"DEBUG=1",
					"$(inherited)",
				);
				GCC_WARN_64_TO_32_BIT_CONVERSION = YES;
				GCC_WARN_ABOUT_RETURN_TYPE = YES_ERROR;
				GCC_WARN_UNDECLARED_SELECTOR = YES;
				GCC_WARN_UNINITIALIZED_AUTOS = YES_AGGRESSIVE;
				GCC_WARN_UNUSED_FUNCTION = YES;
				GCC_WARN_UNUSED_VARIABLE = YES;
				IPHONEOS_DEPLOYMENT_TARGET = 11.3;
				MTL_ENABLE_DEBUG_INFO = YES;
				ONLY_ACTIVE_ARCH = YES;
				SDKROOT = iphoneos;
				SWIFT_ACTIVE_COMPILATION_CONDITIONS = DEBUG;
				SWIFT_OPTIMIZATION_LEVEL = "-Onone";
			};
			name = Debug;
		};
		C0E9559720A019760091908D /* Release */ = {
			isa = XCBuildConfiguration;
			buildSettings = {
				ALWAYS_SEARCH_USER_PATHS = NO;
				CLANG_ANALYZER_LOCALIZABILITY_NONLOCALIZED = YES;
				CLANG_ANALYZER_NONNULL = YES;
				CLANG_ANALYZER_NUMBER_OBJECT_CONVERSION = YES_AGGRESSIVE;
				CLANG_CXX_LANGUAGE_STANDARD = "gnu++14";
				CLANG_CXX_LIBRARY = "libc++";
				CLANG_ENABLE_MODULES = YES;
				CLANG_ENABLE_OBJC_ARC = YES;
				CLANG_ENABLE_OBJC_WEAK = YES;
				CLANG_WARN_BLOCK_CAPTURE_AUTORELEASING = YES;
				CLANG_WARN_BOOL_CONVERSION = YES;
				CLANG_WARN_COMMA = YES;
				CLANG_WARN_CONSTANT_CONVERSION = YES;
				CLANG_WARN_DEPRECATED_OBJC_IMPLEMENTATIONS = YES;
				CLANG_WARN_DIRECT_OBJC_ISA_USAGE = YES_ERROR;
				CLANG_WARN_DOCUMENTATION_COMMENTS = YES;
				CLANG_WARN_EMPTY_BODY = YES;
				CLANG_WARN_ENUM_CONVERSION = YES;
				CLANG_WARN_INFINITE_RECURSION = YES;
				CLANG_WARN_INT_CONVERSION = YES;
				CLANG_WARN_NON_LITERAL_NULL_CONVERSION = YES;
				CLANG_WARN_OBJC_IMPLICIT_RETAIN_SELF = YES;
				CLANG_WARN_OBJC_LITERAL_CONVERSION = YES;
				CLANG_WARN_OBJC_ROOT_CLASS = YES_ERROR;
				CLANG_WARN_RANGE_LOOP_ANALYSIS = YES;
				CLANG_WARN_STRICT_PROTOTYPES = YES;
				CLANG_WARN_SUSPICIOUS_MOVE = YES;
				CLANG_WARN_UNGUARDED_AVAILABILITY = YES_AGGRESSIVE;
				CLANG_WARN_UNREACHABLE_CODE = YES;
				CLANG_WARN__DUPLICATE_METHOD_MATCH = YES;
				CODE_SIGN_IDENTITY = "iPhone Developer";
				COPY_PHASE_STRIP = NO;
				DEBUG_INFORMATION_FORMAT = "dwarf-with-dsym";
				ENABLE_NS_ASSERTIONS = NO;
				ENABLE_STRICT_OBJC_MSGSEND = YES;
				GCC_C_LANGUAGE_STANDARD = gnu11;
				GCC_NO_COMMON_BLOCKS = YES;
				GCC_WARN_64_TO_32_BIT_CONVERSION = YES;
				GCC_WARN_ABOUT_RETURN_TYPE = YES_ERROR;
				GCC_WARN_UNDECLARED_SELECTOR = YES;
				GCC_WARN_UNINITIALIZED_AUTOS = YES_AGGRESSIVE;
				GCC_WARN_UNUSED_FUNCTION = YES;
				GCC_WARN_UNUSED_VARIABLE = YES;
				IPHONEOS_DEPLOYMENT_TARGET = 11.3;
				MTL_ENABLE_DEBUG_INFO = NO;
				SDKROOT = iphoneos;
				SWIFT_COMPILATION_MODE = wholemodule;
				SWIFT_OPTIMIZATION_LEVEL = "-O";
				VALIDATE_PRODUCT = YES;
			};
			name = Release;
		};
		C0E9559920A019760091908D /* Debug */ = {
			isa = XCBuildConfiguration;
			baseConfigurationReference = D89EDF002024F806322A8811 /* Pods-O-trialPro-Swift.debug.xcconfig */;
			buildSettings = {
				ASSETCATALOG_COMPILER_APPICON_NAME = AppIcon;
				CODE_SIGN_STYLE = Automatic;
				DEVELOPMENT_TEAM = BRDE53LHF8;
				GCC_PRECOMPILE_PREFIX_HEADER = NO;
				GCC_PREFIX_HEADER = "";
				INFOPLIST_FILE = "O-trialPro-Swift/Info.plist";
				IPHONEOS_DEPLOYMENT_TARGET = 8.0;
				LD_RUNPATH_SEARCH_PATHS = (
					"$(inherited)",
					"@executable_path/Frameworks",
				);
				PRODUCT_BUNDLE_IDENTIFIER = "com.oceanus-plus.O-trialPro-Swift";
				PRODUCT_NAME = "$(TARGET_NAME)";
				SWIFT_OBJC_BRIDGING_HEADER = "$(SRCROOT)/O-trialPro-Swift/Global/Bridge_header.h";
				SWIFT_VERSION = 4.0;
				TARGETED_DEVICE_FAMILY = "1,2";
				USER_HEADER_SEARCH_PATHS = "${PODS_ROOT}/**";
			};
			name = Debug;
		};
		C0E9559A20A019760091908D /* Release */ = {
			isa = XCBuildConfiguration;
			baseConfigurationReference = 5D746442B86130FE65D1879C /* Pods-O-trialPro-Swift.release.xcconfig */;
			buildSettings = {
				ASSETCATALOG_COMPILER_APPICON_NAME = AppIcon;
				CODE_SIGN_STYLE = Automatic;
				DEVELOPMENT_TEAM = BRDE53LHF8;
				GCC_PRECOMPILE_PREFIX_HEADER = NO;
				GCC_PREFIX_HEADER = "";
				INFOPLIST_FILE = "O-trialPro-Swift/Info.plist";
				IPHONEOS_DEPLOYMENT_TARGET = 8.0;
				LD_RUNPATH_SEARCH_PATHS = (
					"$(inherited)",
					"@executable_path/Frameworks",
				);
				PRODUCT_BUNDLE_IDENTIFIER = "com.oceanus-plus.O-trialPro-Swift";
				PRODUCT_NAME = "$(TARGET_NAME)";
				SWIFT_OBJC_BRIDGING_HEADER = "$(SRCROOT)/O-trialPro-Swift/Global/Bridge_header.h";
				SWIFT_VERSION = 4.0;
				TARGETED_DEVICE_FAMILY = "1,2";
				USER_HEADER_SEARCH_PATHS = "${PODS_ROOT}/**";
			};
			name = Release;
		};
/* End XCBuildConfiguration section */

/* Begin XCConfigurationList section */
		C0E9558120A019730091908D /* Build configuration list for PBXProject "O-trialPro-Swift" */ = {
			isa = XCConfigurationList;
			buildConfigurations = (
				C0E9559620A019760091908D /* Debug */,
				C0E9559720A019760091908D /* Release */,
			);
			defaultConfigurationIsVisible = 0;
			defaultConfigurationName = Release;
		};
		C0E9559820A019760091908D /* Build configuration list for PBXNativeTarget "O-trialPro-Swift" */ = {
			isa = XCConfigurationList;
			buildConfigurations = (
				C0E9559920A019760091908D /* Debug */,
				C0E9559A20A019760091908D /* Release */,
			);
			defaultConfigurationIsVisible = 0;
			defaultConfigurationName = Release;
		};
/* End XCConfigurationList section */
	};
	rootObject = C0E9557E20A019730091908D /* Project object */;
}
